{
  "object": {
    "pins": [
      {
        "package": "CryptoSwift",
        "repositoryURL": "https://github.com/krzyzanowskim/CryptoSwift.git",
        "state": {
          "branch": null,
          "revision": "19b3c3ceed117c5cc883517c4e658548315ba70b",
          "version": "1.6.0"
        }
      },
      {
        "package": "swift-bases",
        "repositoryURL": "https://github.com/swift-libp2p/swift-bases.git",
        "state": {
          "branch": null,
          "revision": "c84494da575bc776ae64c180af2731471193b812",
          "version": "0.0.2"
        }
      },
      {
        "package": "swift-cid",
        "repositoryURL": "https://github.com/swift-libp2p/swift-cid.git",
        "state": {
          "branch": null,
          "revision": "8af5d9de451ceaf45a42e9d6784054d8f5fa3544",
          "version": "0.0.4"
        }
      },
      {
        "package": "swift-multibase",
        "repositoryURL": "https://github.com/swift-libp2p/swift-multibase.git",
        "state": {
          "branch": null,
          "revision": "45f3cf2844477b9d211e1d3e793d0853134fd942",
          "version": "0.0.2"
        }
      },
      {
        "package": "swift-multicodec",
        "repositoryURL": "https://github.com/swift-libp2p/swift-multicodec.git",
        "state": {
          "branch": null,
          "revision": "3ea551d87a15e390d48c379fda350e7495000929",
          "version": "0.0.7"
        }
      },
      {
        "package": "swift-multihash",
        "repositoryURL": "https://github.com/swift-libp2p/swift-multihash.git",
        "state": {
          "branch": null,
          "revision": "7ea5a9866bd341601fa61647d521880944139353",
          "version": "0.0.4"
        }
      },
      {
        "package": "swift-varint",
        "repositoryURL": "https://github.com/swift-libp2p/swift-varint.git",
        "state": {
          "branch": null,
          "revision": "1ea4cd2ea5f1c74527600de659f0805d2e12fa6b",
          "version": "0.0.2"
        }
      }
    ]
  },
  "version": 1
}
